
Microsoft Visual Studio Solution File, Format Version 12.00
# Visual Studio 15
VisualStudioVersion = 15.0.27703.2000
MinimumVisualStudioVersion = 10.0.40219.1
Project("{FAE04EC0-301F-11D3-BF4B-00C04F79EFBC}") = "SendToHub", "SendToHub\SendToHub.csproj", "{68D2DDD1-FE05-4DA3-83FA-3231DEB48C12}"
EndProject
Global
	GlobalSection(SolutionConfigurationPlatforms) = preSolution
		Debug|Any CPU = Debug|Any CPU
		Release|Any CPU = Release|Any CPU
	EndGlobalSection
	GlobalSection(ProjectConfigurationPlatforms) = postSolution
		{68D2DDD1-FE05-4DA3-83FA-3231DEB48C12}.Debug|Any CPU.ActiveCfg = Debug|Any CPU
		{68D2DDD1-FE05-4DA3-83FA-3231DEB48C12}.Debug|Any CPU.Build.0 = Debug|Any CPU
		{68D2DDD1-FE05-4DA3-83FA-3231DEB48C12}.Release|Any CPU.ActiveCfg = Release|Any CPU
		{68D2DDD1-FE05-4DA3-83FA-3231DEB48C12}.Release|Any CPU.Build.0 = Release|Any CPU
	EndGlobalSection
	GlobalSection(SolutionProperties) = preSolution
		HideSolutionNode = FALSE
	EndGlobalSection
	GlobalSection(ExtensibilityGlobals) = postSolution
		SolutionGuid = {149AFE3D-AFDF-40EB-B1D9-EF735A2D1413}
	EndGlobalSection
EndGlobal
